
Microsoft Visual Studio Solution File, Format Version 12.00
# Visual Studio Version 16
VisualStudioVersion = 16.0.30002.166
MinimumVisualStudioVersion = 10.0.40219.1
Project("{FAE04EC0-301F-11D3-BF4B-00C04F79EFBC}") = "SatisSimilasyon.Entity", "SatisSimilasyon.Entity\SatisSimilasyon.Entity.csproj", "{07EE7CB4-CAA2-47F0-AB68-0BEFA4EE8D8B}"
EndProject
Project("{FAE04EC0-301F-11D3-BF4B-00C04F79EFBC}") = "SatisSimilasyon.Web", "SatisSimilasyon.Web\SatisSimilasyon.Web.csproj", "{86299941-4F72-4F10-98F0-9403B8838534}"
EndProject
Global
	GlobalSection(SolutionConfigurationPlatforms) = preSolution
		Debug|Any CPU = Debug|Any CPU
		Release|Any CPU = Release|Any CPU
	EndGlobalSection
	GlobalSection(ProjectConfigurationPlatforms) = postSolution
		{07EE7CB4-CAA2-47F0-AB68-0BEFA4EE8D8B}.Debug|Any CPU.ActiveCfg = Debug|Any CPU
		{07EE7CB4-CAA2-47F0-AB68-0BEFA4EE8D8B}.Debug|Any CPU.Build.0 = Debug|Any CPU
		{07EE7CB4-CAA2-47F0-AB68-0BEFA4EE8D8B}.Release|Any CPU.ActiveCfg = Release|Any CPU
		{07EE7CB4-CAA2-47F0-AB68-0BEFA4EE8D8B}.Release|Any CPU.Build.0 = Release|Any CPU
		{86299941-4F72-4F10-98F0-9403B8838534}.Debug|Any CPU.ActiveCfg = Debug|Any CPU
		{86299941-4F72-4F10-98F0-9403B8838534}.Debug|Any CPU.Build.0 = Debug|Any CPU
		{86299941-4F72-4F10-98F0-9403B8838534}.Release|Any CPU.ActiveCfg = Release|Any CPU
		{86299941-4F72-4F10-98F0-9403B8838534}.Release|Any CPU.Build.0 = Release|Any CPU
	EndGlobalSection
	GlobalSection(SolutionProperties) = preSolution
		HideSolutionNode = FALSE
	EndGlobalSection
	GlobalSection(ExtensibilityGlobals) = postSolution
		SolutionGuid = {3411AC57-BCA7-4D48-94EE-B1CD1BE5CBB9}
	EndGlobalSection
EndGlobal
